
Microsoft Visual Studio Solution File, Format Version 12.00
# Visual Studio Version 16
VisualStudioVersion = 16.0.29001.49
MinimumVisualStudioVersion = 10.0.40219.1
Project("{FAE04EC0-301F-11D3-BF4B-00C04F79EFBC}") = "ContactApp", "ContactApp\ContactApp.csproj", "{EF3F044C-4A37-4620-B374-63C7E5CB80C9}"
EndProject
Project("{FAE04EC0-301F-11D3-BF4B-00C04F79EFBC}") = "ContactApp.Models", "ContactApp.Models\ContactApp.Models.csproj", "{3E77F6D3-EDC5-4317-ACB4-EFDC11E10F90}"
EndProject
Project("{FAE04EC0-301F-11D3-BF4B-00C04F79EFBC}") = "ContactApp.Repository", "ContactApp.Repository\ContactApp.Repository.csproj", "{0C5EF3C8-2D30-40EF-BE9C-862D0AC39984}"
EndProject
Project("{FAE04EC0-301F-11D3-BF4B-00C04F79EFBC}") = "ContactApp.Services", "ContactApp.Services\ContactApp.Services.csproj", "{FFB33D43-0B62-47C4-B4B9-8CF2965EA90A}"
EndProject
Project("{FAE04EC0-301F-11D3-BF4B-00C04F79EFBC}") = "ContactApp.WebApi", "ContactApp.WebApi\ContactApp.WebApi.csproj", "{D073C92A-EE54-47DE-A5E1-78388759FA9A}"
EndProject
Global
	GlobalSection(SolutionConfigurationPlatforms) = preSolution
		Debug|Any CPU = Debug|Any CPU
		Release|Any CPU = Release|Any CPU
	EndGlobalSection
	GlobalSection(ProjectConfigurationPlatforms) = postSolution
		{EF3F044C-4A37-4620-B374-63C7E5CB80C9}.Debug|Any CPU.ActiveCfg = Debug|Any CPU
		{EF3F044C-4A37-4620-B374-63C7E5CB80C9}.Debug|Any CPU.Build.0 = Debug|Any CPU
		{EF3F044C-4A37-4620-B374-63C7E5CB80C9}.Release|Any CPU.ActiveCfg = Release|Any CPU
		{EF3F044C-4A37-4620-B374-63C7E5CB80C9}.Release|Any CPU.Build.0 = Release|Any CPU
		{3E77F6D3-EDC5-4317-ACB4-EFDC11E10F90}.Debug|Any CPU.ActiveCfg = Debug|Any CPU
		{3E77F6D3-EDC5-4317-ACB4-EFDC11E10F90}.Debug|Any CPU.Build.0 = Debug|Any CPU
		{3E77F6D3-EDC5-4317-ACB4-EFDC11E10F90}.Release|Any CPU.ActiveCfg = Release|Any CPU
		{3E77F6D3-EDC5-4317-ACB4-EFDC11E10F90}.Release|Any CPU.Build.0 = Release|Any CPU
		{0C5EF3C8-2D30-40EF-BE9C-862D0AC39984}.Debug|Any CPU.ActiveCfg = Debug|Any CPU
		{0C5EF3C8-2D30-40EF-BE9C-862D0AC39984}.Debug|Any CPU.Build.0 = Debug|Any CPU
		{0C5EF3C8-2D30-40EF-BE9C-862D0AC39984}.Release|Any CPU.ActiveCfg = Release|Any CPU
		{0C5EF3C8-2D30-40EF-BE9C-862D0AC39984}.Release|Any CPU.Build.0 = Release|Any CPU
		{FFB33D43-0B62-47C4-B4B9-8CF2965EA90A}.Debug|Any CPU.ActiveCfg = Debug|Any CPU
		{FFB33D43-0B62-47C4-B4B9-8CF2965EA90A}.Debug|Any CPU.Build.0 = Debug|Any CPU
		{FFB33D43-0B62-47C4-B4B9-8CF2965EA90A}.Release|Any CPU.ActiveCfg = Release|Any CPU
		{FFB33D43-0B62-47C4-B4B9-8CF2965EA90A}.Release|Any CPU.Build.0 = Release|Any CPU
		{D073C92A-EE54-47DE-A5E1-78388759FA9A}.Debug|Any CPU.ActiveCfg = Debug|Any CPU
		{D073C92A-EE54-47DE-A5E1-78388759FA9A}.Debug|Any CPU.Build.0 = Debug|Any CPU
		{D073C92A-EE54-47DE-A5E1-78388759FA9A}.Release|Any CPU.ActiveCfg = Release|Any CPU
		{D073C92A-EE54-47DE-A5E1-78388759FA9A}.Release|Any CPU.Build.0 = Release|Any CPU
	EndGlobalSection
	GlobalSection(SolutionProperties) = preSolution
		HideSolutionNode = FALSE
	EndGlobalSection
	GlobalSection(ExtensibilityGlobals) = postSolution
		SolutionGuid = {EA9FAFE8-FBED-4317-AF68-2696A2709010}
	EndGlobalSection
EndGlobal
